
Microsoft Visual Studio Solution File, Format Version 12.00
# Visual Studio Version 17
VisualStudioVersion = 17.1.32210.238
MinimumVisualStudioVersion = 10.0.40219.1
Project("{FAE04EC0-301F-11D3-BF4B-00C04F79EFBC}") = "wVehiculo2", "wVehiculo2\wVehiculo2.csproj", "{F24C3250-8CF7-40FA-BAA9-D4B27F3A14CC}"
EndProject
Global
	GlobalSection(SolutionConfigurationPlatforms) = preSolution
		Debug|Any CPU = Debug|Any CPU
		Release|Any CPU = Release|Any CPU
	EndGlobalSection
	GlobalSection(ProjectConfigurationPlatforms) = postSolution
		{F24C3250-8CF7-40FA-BAA9-D4B27F3A14CC}.Debug|Any CPU.ActiveCfg = Debug|Any CPU
		{F24C3250-8CF7-40FA-BAA9-D4B27F3A14CC}.Debug|Any CPU.Build.0 = Debug|Any CPU
		{F24C3250-8CF7-40FA-BAA9-D4B27F3A14CC}.Release|Any CPU.ActiveCfg = Release|Any CPU
		{F24C3250-8CF7-40FA-BAA9-D4B27F3A14CC}.Release|Any CPU.Build.0 = Release|Any CPU
	EndGlobalSection
	GlobalSection(SolutionProperties) = preSolution
		HideSolutionNode = FALSE
	EndGlobalSection
	GlobalSection(ExtensibilityGlobals) = postSolution
		SolutionGuid = {4B5D22D3-0045-495F-AB0F-EBC685CF9F57}
	EndGlobalSection
EndGlobal
